// !$*UTF8*$!
{
	archiveVersion = 1;
	classes = {
	};
	objectVersion = 50;
	objects = {

/* Begin PBXBuildFile section */
		C2C14EDA24C76D21001528C5 /* AppDelegate.swift in Sources */ = {isa = PBXBuildFile; fileRef = C2C14ED924C76D21001528C5 /* AppDelegate.swift */; };
		C2C14EDC24C76D21001528C5 /* SceneDelegate.swift in Sources */ = {isa = PBXBuildFile; fileRef = C2C14EDB24C76D21001528C5 /* SceneDelegate.swift */; };
		C2C14EE324C76D23001528C5 /* Assets.xcassets in Resources */ = {isa = PBXBuildFile; fileRef = C2C14EE224C76D23001528C5 /* Assets.xcassets */; };
		C2C14EE624C76D23001528C5 /* LaunchScreen.storyboard in Resources */ = {isa = PBXBuildFile; fileRef = C2C14EE424C76D23001528C5 /* LaunchScreen.storyboard */; };
		C2C14EEE24C76D6F001528C5 /* DrawViewController.swift in Sources */ = {isa = PBXBuildFile; fileRef = C2C14EED24C76D6F001528C5 /* DrawViewController.swift */; };
		C2C14EF024C76DA7001528C5 /* Colour.swift in Sources */ = {isa = PBXBuildFile; fileRef = C2C14EEF24C76DA7001528C5 /* Colour.swift */; };
		C2C14EF224C76DC6001528C5 /* PopupViewController.swift in Sources */ = {isa = PBXBuildFile; fileRef = C2C14EF124C76DC5001528C5 /* PopupViewController.swift */; };
		C2C14EF424C76DDE001528C5 /* CustomColour.swift in Sources */ = {isa = PBXBuildFile; fileRef = C2C14EF324C76DDE001528C5 /* CustomColour.swift */; };
		C2C14EF624C76DEE001528C5 /* EditColourViewController.swift in Sources */ = {isa = PBXBuildFile; fileRef = C2C14EF524C76DEE001528C5 /* EditColourViewController.swift */; };
		C2C14EF824C76E3C001528C5 /* pictionarywords in Resources */ = {isa = PBXBuildFile; fileRef = C2C14EF724C76E3C001528C5 /* pictionarywords */; };
/* End PBXBuildFile section */

/* Begin PBXFileReference section */
		C2C14ED624C76D21001528C5 /* PictionaryGame.app */ = {isa = PBXFileReference; explicitFileType = wrapper.application; includeInIndex = 0; path = PictionaryGame.app; sourceTree = BUILT_PRODUCTS_DIR; };
		C2C14ED924C76D21001528C5 /* AppDelegate.swift */ = {isa = PBXFileReference; lastKnownFileType = sourcecode.swift; path = AppDelegate.swift; sourceTree = "<group>"; };
		C2C14EDB24C76D21001528C5 /* SceneDelegate.swift */ = {isa = PBXFileReference; lastKnownFileType = sourcecode.swift; path = SceneDelegate.swift; sourceTree = "<group>"; };
		C2C14EE224C76D23001528C5 /* Assets.xcassets */ = {isa = PBXFileReference; lastKnownFileType = folder.assetcatalog; path = Assets.xcassets; sourceTree = "<group>"; };
		C2C14EE524C76D23001528C5 /* Base */ = {isa = PBXFileReference; lastKnownFileType = file.storyboard; name = Base; path = Base.lproj/LaunchScreen.storyboard; sourceTree = "<group>"; };
		C2C14EE724C76D23001528C5 /* Info.plist */ = {isa = PBXFileReference; lastKnownFileType = text.plist.xml; path = Info.plist; sourceTree = "<group>"; };
		C2C14EED24C76D6F001528C5 /* DrawViewController.swift */ = {isa = PBXFileReference; lastKnownFileType = sourcecode.swift; path = DrawViewController.swift; sourceTree = "<group>"; };
		C2C14EEF24C76DA7001528C5 /* Colour.swift */ = {isa = PBXFileReference; lastKnownFileType = sourcecode.swift; path = Colour.swift; sourceTree = "<group>"; };
		C2C14EF124C76DC5001528C5 /* PopupViewController.swift */ = {isa = PBXFileReference; lastKnownFileType = sourcecode.swift; path = PopupViewController.swift; sourceTree = "<group>"; };
		C2C14EF324C76DDE001528C5 /* CustomColour.swift */ = {isa = PBXFileReference; lastKnownFileType = sourcecode.swift; path = CustomColour.swift; sourceTree = "<group>"; };
		C2C14EF524C76DEE001528C5 /* EditColourViewController.swift */ = {isa = PBXFileReference; lastKnownFileType = sourcecode.swift; path = EditColourViewController.swift; sourceTree = "<group>"; };
		C2C14EF724C76E3C001528C5 /* pictionarywords */ = {isa = PBXFileReference; fileEncoding = 4; lastKnownFileType = text; path = pictionarywords; sourceTree = "<group>"; };
/* End PBXFileReference section */

/* Begin PBXFrameworksBuildPhase section */
		C2C14ED324C76D21001528C5 /* Frameworks */ = {
			isa = PBXFrameworksBuildPhase;
			buildActionMask = 2147483647;
			files = (
			);
			runOnlyForDeploymentPostprocessing = 0;
		};
/* End PBXFrameworksBuildPhase section */

/* Begin PBXGroup section */
		C2C14ECD24C76D21001528C5 = {
			isa = PBXGroup;
			children = (
				C2C14ED824C76D21001528C5 /* PictionaryGame */,
				C2C14ED724C76D21001528C5 /* Products */,
			);
			sourceTree = "<group>";
		};
		C2C14ED724C76D21001528C5 /* Products */ = {
			isa = PBXGroup;
			children = (
				C2C14ED624C76D21001528C5 /* PictionaryGame.app */,
			);
			name = Products;
			sourceTree = "<group>";
		};
		C2C14ED824C76D21001528C5 /* PictionaryGame */ = {
			isa = PBXGroup;
			children = (
				C2C14EF724C76E3C001528C5 /* pictionarywords */,
				C2C14ED924C76D21001528C5 /* AppDelegate.swift */,
				C2C14EDB24C76D21001528C5 /* SceneDelegate.swift */,
				C2C14EED24C76D6F001528C5 /* DrawViewController.swift */,
				C2C14EEF24C76DA7001528C5 /* Colour.swift */,
				C2C14EF324C76DDE001528C5 /* CustomColour.swift */,
				C2C14EF524C76DEE001528C5 /* EditColourViewController.swift */,
				C2C14EF124C76DC5001528C5 /* PopupViewController.swift */,
				C2C14EE224C76D23001528C5 /* Assets.xcassets */,
				C2C14EE424C76D23001528C5 /* LaunchScreen.storyboard */,
				C2C14EE724C76D23001528C5 /* Info.plist */,
			);
			path = PictionaryGame;
			sourceTree = "<group>";
		};
/* End PBXGroup section */

/* Begin PBXNativeTarget section */
		C2C14ED524C76D21001528C5 /* PictionaryGame */ = {
			isa = PBXNativeTarget;
			buildConfigurationList = C2C14EEA24C76D23001528C5 /* Build configuration list for PBXNativeTarget "PictionaryGame" */;
			buildPhases = (
				C2C14ED224C76D21001528C5 /* Sources */,
				C2C14ED324C76D21001528C5 /* Frameworks */,
				C2C14ED424C76D21001528C5 /* Resources */,
			);
			buildRules = (
			);
			dependencies = (
			);
			name = PictionaryGame;
			productName = PictionaryGame;
			productReference = C2C14ED624C76D21001528C5 /* PictionaryGame.app */;
			productType = "com.apple.product-type.application";
		};
/* End PBXNativeTarget section */

/* Begin PBXProject section */
		C2C14ECE24C76D21001528C5 /* Project object */ = {
			isa = PBXProject;
			attributes = {
				LastSwiftUpdateCheck = 1140;
				LastUpgradeCheck = 1140;
				ORGANIZATIONNAME = "Vanessa Bergen";
				TargetAttributes = {
					C2C14ED524C76D21001528C5 = {
						CreatedOnToolsVersion = 11.4.1;
					};
				};
			};
			buildConfigurationList = C2C14ED124C76D21001528C5 /* Build configuration list for PBXProject "PictionaryGame" */;
			compatibilityVersion = "Xcode 9.3";
			developmentRegion = en;
			hasScannedForEncodings = 0;
			knownRegions = (
				en,
				Base,
			);
			mainGroup = C2C14ECD24C76D21001528C5;
			productRefGroup = C2C14ED724C76D21001528C5 /* Products */;
			projectDirPath = "";
			projectRoot = "";
			targets = (
				C2C14ED524C76D21001528C5 /* PictionaryGame */,
			);
		};
/* End PBXProject section */

/* Begin PBXResourcesBuildPhase section */
		C2C14ED424C76D21001528C5 /* Resources */ = {
			isa = PBXResourcesBuildPhase;
			buildActionMask = 2147483647;
			files = (
				C2C14EF824C76E3C001528C5 /* pictionarywords in Resources */,
				C2C14EE624C76D23001528C5 /* LaunchScreen.storyboard in Resources */,
				C2C14EE324C76D23001528C5 /* Assets.xcassets in Resources */,
			);
			runOnlyForDeploymentPostprocessing = 0;
		};
/* End PBXResourcesBuildPhase section */

/* Begin PBXSourcesBuildPhase section */
		C2C14ED224C76D21001528C5 /* Sources */ = {
			isa = PBXSourcesBuildPhase;
			buildActionMask = 2147483647;
			files = (
				C2C14EF224C76DC6001528C5 /* PopupViewController.swift in Sources */,
				C2C14EEE24C76D6F001528C5 /* DrawViewController.swift in Sources */,
				C2C14EDA24C76D21001528C5 /* AppDelegate.swift in Sources */,
				C2C14EDC24C76D21001528C5 /* SceneDelegate.swift in Sources */,
				C2C14EF424C76DDE001528C5 /* CustomColour.swift in Sources */,
				C2C14EF624C76DEE001528C5 /* EditColourViewController.swift in Sources */,
				C2C14EF024C76DA7001528C5 /* Colour.swift in Sources */,
			);
			runOnlyForDeploymentPostprocessing = 0;
		};
/* End PBXSourcesBuildPhase section */

/* Begin PBXVariantGroup section */
		C2C14EE424C76D23001528C5 /* LaunchScreen.storyboard */ = {
			isa = PBXVariantGroup;
			children = (
				C2C14EE524C76D23001528C5 /* Base */,
			);
			name = LaunchScreen.storyboard;
			sourceTree = "<group>";
		};
/* End PBXVariantGroup section */

/* Begin XCBuildConfiguration section */
		C2C14EE824C76D23001528C5 /* Debug */ = {
			isa = XCBuildConfiguration;
			buildSettings = {
				ALWAYS_SEARCH_USER_PATHS = NO;
				CLANG_ANALYZER_NONNULL = YES;
				CLANG_ANALYZER_NUMBER_OBJECT_CONVERSION = YES_AGGRESSIVE;
				CLANG_CXX_LANGUAGE_STANDARD = "gnu++14";
				CLANG_CXX_LIBRARY = "libc++";
				CLANG_ENABLE_MODULES = YES;
				CLANG_ENABLE_OBJC_ARC = YES;
				CLANG_ENABLE_OBJC_WEAK = YES;
				CLANG_WARN_BLOCK_CAPTURE_AUTORELEASING = YES;
				CLANG_WARN_BOOL_CONVERSION = YES;
				CLANG_WARN_COMMA = YES;
				CLANG_WARN_CONSTANT_CONVERSION = YES;
				CLANG_WARN_DEPRECATED_OBJC_IMPLEMENTATIONS = YES;
				CLANG_WARN_DIRECT_OBJC_ISA_USAGE = YES_ERROR;
				CLANG_WARN_DOCUMENTATION_COMMENTS = YES;
				CLANG_WARN_EMPTY_BODY = YES;
				CLANG_WARN_ENUM_CONVERSION = YES;
				CLANG_WARN_INFINITE_RECURSION = YES;
				CLANG_WARN_INT_CONVERSION = YES;
				CLANG_WARN_NON_LITERAL_NULL_CONVERSION = YES;
				CLANG_WARN_OBJC_IMPLICIT_RETAIN_SELF = YES;
				CLANG_WARN_OBJC_LITERAL_CONVERSION = YES;
				CLANG_WARN_OBJC_ROOT_CLASS = YES_ERROR;
				CLANG_WARN_RANGE_LOOP_ANALYSIS = YES;
				CLANG_WARN_STRICT_PROTOTYPES = YES;
				CLANG_WARN_SUSPICIOUS_MOVE = YES;
				CLANG_WARN_UNGUARDED_AVAILABILITY = YES_AGGRESSIVE;
				CLANG_WARN_UNREACHABLE_CODE = YES;
				CLANG_WARN__DUPLICATE_METHOD_MATCH = YES;
				COPY_PHASE_STRIP = NO;
				DEBUG_INFORMATION_FORMAT = dwarf;
				ENABLE_STRICT_OBJC_MSGSEND = YES;
				ENABLE_TESTABILITY = YES;
				GCC_C_LANGUAGE_STANDARD = gnu11;
				GCC_DYNAMIC_NO_PIC = NO;
				GCC_NO_COMMON_BLOCKS = YES;
				GCC_OPTIMIZATION_LEVEL = 0;
				GCC_PREPROCESSOR_DEFINITIONS = (
					"DEBUG=1",
					"$(inherited)",
				);
				GCC_WARN_64_TO_32_BIT_CONVERSION = YES;
				GCC_WARN_ABOUT_RETURN_TYPE = YES_ERROR;
				GCC_WARN_UNDECLARED_SELECTOR = YES;
				GCC_WARN_UNINITIALIZED_AUTOS = YES_AGGRESSIVE;
				GCC_WARN_UNUSED_FUNCTION = YES;
				GCC_WARN_UNUSED_VARIABLE = YES;
				IPHONEOS_DEPLOYMENT_TARGET = 13.4;
				MTL_ENABLE_DEBUG_INFO = INCLUDE_SOURCE;
				MTL_FAST_MATH = YES;
				ONLY_ACTIVE_ARCH = YES;
				SDKROOT = iphoneos;
				SWIFT_ACTIVE_COMPILATION_CONDITIONS = DEBUG;
				SWIFT_OPTIMIZATION_LEVEL = "-Onone";
			};
			name = Debug;
		};
		C2C14EE924C76D23001528C5 /* Release */ = {
			isa = XCBuildConfiguration;
			buildSettings = {
				ALWAYS_SEARCH_USER_PATHS = NO;
				CLANG_ANALYZER_NONNULL = YES;
				CLANG_ANALYZER_NUMBER_OBJECT_CONVERSION = YES_AGGRESSIVE;
				CLANG_CXX_LANGUAGE_STANDARD = "gnu++14";
				CLANG_CXX_LIBRARY = "libc++";
				CLANG_ENABLE_MODULES = YES;
				CLANG_ENABLE_OBJC_ARC = YES;
				CLANG_ENABLE_OBJC_WEAK = YES;
				CLANG_WARN_BLOCK_CAPTURE_AUTORELEASING = YES;
				CLANG_WARN_BOOL_CONVERSION = YES;
				CLANG_WARN_COMMA = YES;
				CLANG_WARN_CONSTANT_CONVERSION = YES;
				CLANG_WARN_DEPRECATED_OBJC_IMPLEMENTATIONS = YES;
				CLANG_WARN_DIRECT_OBJC_ISA_USAGE = YES_ERROR;
				CLANG_WARN_DOCUMENTATION_COMMENTS = YES;
				CLANG_WARN_EMPTY_BODY = YES;
				CLANG_WARN_ENUM_CONVERSION = YES;
				CLANG_WARN_INFINITE_RECURSION = YES;
				CLANG_WARN_INT_CONVERSION = YES;
				CLANG_WARN_NON_LITERAL_NULL_CONVERSION = YES;
				CLANG_WARN_OBJC_IMPLICIT_RETAIN_SELF = YES;
				CLANG_WARN_OBJC_LITERAL_CONVERSION = YES;
				CLANG_WARN_OBJC_ROOT_CLASS = YES_ERROR;
				CLANG_WARN_RANGE_LOOP_ANALYSIS = YES;
				CLANG_WARN_STRICT_PROTOTYPES = YES;
				CLANG_WARN_SUSPICIOUS_MOVE = YES;
				CLANG_WARN_UNGUARDED_AVAILABILITY = YES_AGGRESSIVE;
				CLANG_WARN_UNREACHABLE_CODE = YES;
				CLANG_WARN__DUPLICATE_METHOD_MATCH = YES;
				COPY_PHASE_STRIP = NO;
				DEBUG_INFORMATION_FORMAT = "dwarf-with-dsym";
				ENABLE_NS_ASSERTIONS = NO;
				ENABLE_STRICT_OBJC_MSGSEND = YES;
				GCC_C_LANGUAGE_STANDARD = gnu11;
				GCC_NO_COMMON_BLOCKS = YES;
				GCC_WARN_64_TO_32_BIT_CONVERSION = YES;
				GCC_WARN_ABOUT_RETURN_TYPE = YES_ERROR;
				GCC_WARN_UNDECLARED_SELECTOR = YES;
				GCC_WARN_UNINITIALIZED_AUTOS = YES_AGGRESSIVE;
				GCC_WARN_UNUSED_FUNCTION = YES;
				GCC_WARN_UNUSED_VARIABLE = YES;
				IPHONEOS_DEPLOYMENT_TARGET = 13.4;
				MTL_ENABLE_DEBUG_INFO = NO;
				MTL_FAST_MATH = YES;
				SDKROOT = iphoneos;
				SWIFT_COMPILATION_MODE = wholemodule;
				SWIFT_OPTIMIZATION_LEVEL = "-O";
				VALIDATE_PRODUCT = YES;
			};
			name = Release;
		};
		C2C14EEB24C76D23001528C5 /* Debug */ = {
			isa = XCBuildConfiguration;
			buildSettings = {
				ASSETCATALOG_COMPILER_APPICON_NAME = AppIcon;
				CODE_SIGN_STYLE = Automatic;
				DEVELOPMENT_TEAM = DC5B64GRS6;
				INFOPLIST_FILE = PictionaryGame/Info.plist;
				LD_RUNPATH_SEARCH_PATHS = (
					"$(inherited)",
					"@executable_path/Frameworks",
				);
				PRODUCT_BUNDLE_IDENTIFIER = com.vanessa.PictionaryGame;
				PRODUCT_NAME = "$(TARGET_NAME)";
				SWIFT_VERSION = 5.0;
				TARGETED_DEVICE_FAMILY = "1,2";
			};
			name = Debug;
		};
		C2C14EEC24C76D23001528C5 /* Release */ = {
			isa = XCBuildConfiguration;
			buildSettings = {
				ASSETCATALOG_COMPILER_APPICON_NAME = AppIcon;
				CODE_SIGN_STYLE = Automatic;
				DEVELOPMENT_TEAM = DC5B64GRS6;
				INFOPLIST_FILE = PictionaryGame/Info.plist;
				LD_RUNPATH_SEARCH_PATHS = (
					"$(inherited)",
					"@executable_path/Frameworks",
				);
				PRODUCT_BUNDLE_IDENTIFIER = com.vanessa.PictionaryGame;
				PRODUCT_NAME = "$(TARGET_NAME)";
				SWIFT_VERSION = 5.0;
				TARGETED_DEVICE_FAMILY = "1,2";
			};
			name = Release;
		};
/* End XCBuildConfiguration section */

/* Begin XCConfigurationList section */
		C2C14ED124C76D21001528C5 /* Build configuration list for PBXProject "PictionaryGame" */ = {
			isa = XCConfigurationList;
			buildConfigurations = (
				C2C14EE824C76D23001528C5 /* Debug */,
				C2C14EE924C76D23001528C5 /* Release */,
			);
			defaultConfigurationIsVisible = 0;
			defaultConfigurationName = Release;
		};
		C2C14EEA24C76D23001528C5 /* Build configuration list for PBXNativeTarget "PictionaryGame" */ = {
			isa = XCConfigurationList;
			buildConfigurations = (
				C2C14EEB24C76D23001528C5 /* Debug */,
				C2C14EEC24C76D23001528C5 /* Release */,
			);
			defaultConfigurationIsVisible = 0;
			defaultConfigurationName = Release;
		};
/* End XCConfigurationList section */
	};
	rootObject = C2C14ECE24C76D21001528C5 /* Project object */;
}
